
Microsoft Visual Studio Solution File, Format Version 12.00
# Visual Studio 15
VisualStudioVersion = 15.0.28307.960
MinimumVisualStudioVersion = 10.0.40219.1
Project("{9A19103F-16F7-4668-BE54-9A1E7A4F7556}") = "Dfe.Spi.Translation.FunctionApp", "Dfe.Spi.Translation.FunctionApp\Dfe.Spi.Translation.FunctionApp.csproj", "{500F4452-B48F-4760-9B09-1945D298B61C}"
EndProject
Project("{2150E333-8FDC-42A3-9474-1A3956D46DE8}") = "Deploy", "Deploy", "{32E1B920-CF1C-40EC-8CED-C4E281A5FE04}"
EndProject
Project("{2150E333-8FDC-42A3-9474-1A3956D46DE8}") = "Build", "Build", "{3CD4FDEE-8061-4AD4-BB1C-781EA1585330}"
	ProjectSection(SolutionItems) = preProject
		..\pipelines\azure-pipelines.yml = ..\pipelines\azure-pipelines.yml
	EndProjectSection
EndProject
Project("{2150E333-8FDC-42A3-9474-1A3956D46DE8}") = "Release", "Release", "{6270936C-7B0F-4B7C-9225-6FDB7CCC2B85}"
	ProjectSection(SolutionItems) = preProject
		..\azure\template.json = ..\azure\template.json
	EndProjectSection
EndProject
Project("{9A19103F-16F7-4668-BE54-9A1E7A4F7556}") = "Dfe.Spi.Translation.Application", "Dfe.Spi.Translation.Application\Dfe.Spi.Translation.Application.csproj", "{10CA036C-4350-49ED-A11E-65CFD37B19C8}"
EndProject
Project("{9A19103F-16F7-4668-BE54-9A1E7A4F7556}") = "Dfe.Spi.Translation.Domain", "Dfe.Spi.Translation.Domain\Dfe.Spi.Translation.Domain.csproj", "{5F1AB237-ED68-43F7-BEDB-10C97E1AE901}"
EndProject
Project("{9A19103F-16F7-4668-BE54-9A1E7A4F7556}") = "Dfe.Spi.Translation.Infrastructure.AzureStorage", "Dfe.Spi.Translation.Infrastructure.AzureStorage\Dfe.Spi.Translation.Infrastructure.AzureStorage.csproj", "{2A76A120-92E3-4AC1-97CF-6028E933890F}"
EndProject
Project("{2150E333-8FDC-42A3-9474-1A3956D46DE8}") = "Tests", "Tests", "{10F9D1FE-0387-4704-99F8-D7786FD9A04E}"
EndProject
Global
	GlobalSection(SolutionConfigurationPlatforms) = preSolution
		Debug|Any CPU = Debug|Any CPU
		Release|Any CPU = Release|Any CPU
	EndGlobalSection
	GlobalSection(ProjectConfigurationPlatforms) = postSolution
		{500F4452-B48F-4760-9B09-1945D298B61C}.Debug|Any CPU.ActiveCfg = Debug|Any CPU
		{500F4452-B48F-4760-9B09-1945D298B61C}.Debug|Any CPU.Build.0 = Debug|Any CPU
		{500F4452-B48F-4760-9B09-1945D298B61C}.Release|Any CPU.ActiveCfg = Release|Any CPU
		{500F4452-B48F-4760-9B09-1945D298B61C}.Release|Any CPU.Build.0 = Release|Any CPU
		{10CA036C-4350-49ED-A11E-65CFD37B19C8}.Debug|Any CPU.ActiveCfg = Debug|Any CPU
		{10CA036C-4350-49ED-A11E-65CFD37B19C8}.Debug|Any CPU.Build.0 = Debug|Any CPU
		{10CA036C-4350-49ED-A11E-65CFD37B19C8}.Release|Any CPU.ActiveCfg = Release|Any CPU
		{10CA036C-4350-49ED-A11E-65CFD37B19C8}.Release|Any CPU.Build.0 = Release|Any CPU
		{5F1AB237-ED68-43F7-BEDB-10C97E1AE901}.Debug|Any CPU.ActiveCfg = Debug|Any CPU
		{5F1AB237-ED68-43F7-BEDB-10C97E1AE901}.Debug|Any CPU.Build.0 = Debug|Any CPU
		{5F1AB237-ED68-43F7-BEDB-10C97E1AE901}.Release|Any CPU.ActiveCfg = Release|Any CPU
		{5F1AB237-ED68-43F7-BEDB-10C97E1AE901}.Release|Any CPU.Build.0 = Release|Any CPU
		{2A76A120-92E3-4AC1-97CF-6028E933890F}.Debug|Any CPU.ActiveCfg = Debug|Any CPU
		{2A76A120-92E3-4AC1-97CF-6028E933890F}.Debug|Any CPU.Build.0 = Debug|Any CPU
		{2A76A120-92E3-4AC1-97CF-6028E933890F}.Release|Any CPU.ActiveCfg = Release|Any CPU
		{2A76A120-92E3-4AC1-97CF-6028E933890F}.Release|Any CPU.Build.0 = Release|Any CPU
	EndGlobalSection
	GlobalSection(SolutionProperties) = preSolution
		HideSolutionNode = FALSE
	EndGlobalSection
	GlobalSection(NestedProjects) = preSolution
		{3CD4FDEE-8061-4AD4-BB1C-781EA1585330} = {32E1B920-CF1C-40EC-8CED-C4E281A5FE04}
		{6270936C-7B0F-4B7C-9225-6FDB7CCC2B85} = {32E1B920-CF1C-40EC-8CED-C4E281A5FE04}
	EndGlobalSection
	GlobalSection(ExtensibilityGlobals) = postSolution
		SolutionGuid = {B8F406CF-07E0-4E74-BC64-B1CB6A0FFDB4}
	EndGlobalSection
EndGlobal
